
Microsoft Visual Studio Solution File, Format Version 12.00
# Visual Studio 15
VisualStudioVersion = 15.0.28307.779
MinimumVisualStudioVersion = 10.0.40219.1
Project("{8BC9CEB8-8B4A-11D0-8D11-00A0C91BC942}") = "ASS Tool", "ASS Tool\ASS Tool.vcxproj", "{F14DB428-1719-4F8D-A554-027FFF5E26AA}"
EndProject
Global
	GlobalSection(SolutionConfigurationPlatforms) = preSolution
		Debug|x64 = Debug|x64
		Debug|x86 = Debug|x86
		Release|x64 = Release|x64
		Release|x86 = Release|x86
	EndGlobalSection
	GlobalSection(ProjectConfigurationPlatforms) = postSolution
		{F14DB428-1719-4F8D-A554-027FFF5E26AA}.Debug|x64.ActiveCfg = Debug|x64
		{F14DB428-1719-4F8D-A554-027FFF5E26AA}.Debug|x64.Build.0 = Debug|x64
		{F14DB428-1719-4F8D-A554-027FFF5E26AA}.Debug|x86.ActiveCfg = Debug|Win32
		{F14DB428-1719-4F8D-A554-027FFF5E26AA}.Debug|x86.Build.0 = Debug|Win32
		{F14DB428-1719-4F8D-A554-027FFF5E26AA}.Release|x64.ActiveCfg = Release|x64
		{F14DB428-1719-4F8D-A554-027FFF5E26AA}.Release|x64.Build.0 = Release|x64
		{F14DB428-1719-4F8D-A554-027FFF5E26AA}.Release|x86.ActiveCfg = Release|Win32
		{F14DB428-1719-4F8D-A554-027FFF5E26AA}.Release|x86.Build.0 = Release|Win32
	EndGlobalSection
	GlobalSection(SolutionProperties) = preSolution
		HideSolutionNode = FALSE
	EndGlobalSection
	GlobalSection(ExtensibilityGlobals) = postSolution
		SolutionGuid = {BE64F7B1-AAB8-4CAE-A334-2EF93B8C6984}
	EndGlobalSection
EndGlobal
